
Microsoft Visual Studio Solution File, Format Version 12.00
# Visual Studio Version 17
VisualStudioVersion = 17.7.34024.191
MinimumVisualStudioVersion = 10.0.40219.1
Project("{FAE04EC0-301F-11D3-BF4B-00C04F79EFBC}") = "NotePad", "NotePad\NotePad.csproj", "{17066EDD-7240-46EA-BFD1-0984804B0EF2}"
EndProject
Global
	GlobalSection(SolutionConfigurationPlatforms) = preSolution
		Debug|Any CPU = Debug|Any CPU
		Release|Any CPU = Release|Any CPU
	EndGlobalSection
	GlobalSection(ProjectConfigurationPlatforms) = postSolution
		{17066EDD-7240-46EA-BFD1-0984804B0EF2}.Debug|Any CPU.ActiveCfg = Debug|Any CPU
		{17066EDD-7240-46EA-BFD1-0984804B0EF2}.Debug|Any CPU.Build.0 = Debug|Any CPU
		{17066EDD-7240-46EA-BFD1-0984804B0EF2}.Release|Any CPU.ActiveCfg = Release|Any CPU
		{17066EDD-7240-46EA-BFD1-0984804B0EF2}.Release|Any CPU.Build.0 = Release|Any CPU
	EndGlobalSection
	GlobalSection(SolutionProperties) = preSolution
		HideSolutionNode = FALSE
	EndGlobalSection
	GlobalSection(ExtensibilityGlobals) = postSolution
		SolutionGuid = {FA2BF309-64F8-4A03-ADD2-252ABA976702}
	EndGlobalSection
EndGlobal
